
Microsoft Visual Studio Solution File, Format Version 12.00
# Visual Studio Version 17
VisualStudioVersion = 17.6.33723.286
MinimumVisualStudioVersion = 10.0.40219.1
Project("{2150E333-8FDC-42A3-9474-1A3956D46DE8}") = "ApiConsume", "ApiConsume", "{D0517F65-44C6-475C-AB43-E578A45D1496}"
EndProject
Project("{2150E333-8FDC-42A3-9474-1A3956D46DE8}") = "Frontend", "Frontend", "{CB2E96A9-748C-43F9-A0FB-3930FB4642CD}"
EndProject
Project("{9A19103F-16F7-4668-BE54-9A1E7A4F7556}") = "Hotel.WebApi", "ApiConsume\HotelWebApi\Hotel.WebApi.csproj", "{F759E154-2842-4A42-B5BD-3573C0319063}"
EndProject
Project("{9A19103F-16F7-4668-BE54-9A1E7A4F7556}") = "Hotel.EntityLayer", "Hotel.EntityLayer\Hotel.EntityLayer.csproj", "{B125EDA0-F2A2-4241-A4D3-4172FF523925}"
EndProject
Project("{9A19103F-16F7-4668-BE54-9A1E7A4F7556}") = "Hotel.DataAccesLayer", "Hotel.DataAccesLayer\Hotel.DataAccesLayer.csproj", "{97B2D266-9A39-42A1-A79E-6A5AEA222469}"
EndProject
Project("{9A19103F-16F7-4668-BE54-9A1E7A4F7556}") = "Hotel.BussinesLayer", "Hotel.BussinesLayer\Hotel.BussinesLayer.csproj", "{29B291D8-6781-4676-A1D1-809B06C4AC8E}"
EndProject
Project("{9A19103F-16F7-4668-BE54-9A1E7A4F7556}") = "Hotel.DtoLayer", "Hotel.DtoLayer\Hotel.DtoLayer.csproj", "{D3A6B58C-F724-4DB5-8948-D39EA6F4E2CB}"
EndProject
Project("{9A19103F-16F7-4668-BE54-9A1E7A4F7556}") = "Hotel.WebUI", "Hotel.WebUI\Hotel.WebUI.csproj", "{C41B2F8E-B1A7-4A2E-BCA5-FA3FA05B79A6}"
EndProject
Project("{2150E333-8FDC-42A3-9474-1A3956D46DE8}") = "RapidApi", "RapidApi", "{EB1CED65-9F5A-4502-8C57-F281BDCB3581}"
EndProject
Project("{9A19103F-16F7-4668-BE54-9A1E7A4F7556}") = "RapidApiConsume", "RapidApiConsume\RapidApiConsume.csproj", "{8A734EB4-72B6-4FC8-A612-97AE00C7E935}"
EndProject
Project("{2150E333-8FDC-42A3-9474-1A3956D46DE8}") = "JwtProject", "JwtProject", "{3FD42EC5-0911-4181-A9E5-D1EEBAAA2527}"
EndProject
Project("{9A19103F-16F7-4668-BE54-9A1E7A4F7556}") = "WebApiJwt", "WebApiJwt\WebApiJwt.csproj", "{5A83115B-4A32-4B6E-A0C0-FEFF8D9A2AD5}"
EndProject
Global
	GlobalSection(SolutionConfigurationPlatforms) = preSolution
		Debug|Any CPU = Debug|Any CPU
		Release|Any CPU = Release|Any CPU
	EndGlobalSection
	GlobalSection(ProjectConfigurationPlatforms) = postSolution
		{F759E154-2842-4A42-B5BD-3573C0319063}.Debug|Any CPU.ActiveCfg = Debug|Any CPU
		{F759E154-2842-4A42-B5BD-3573C0319063}.Debug|Any CPU.Build.0 = Debug|Any CPU
		{F759E154-2842-4A42-B5BD-3573C0319063}.Release|Any CPU.ActiveCfg = Release|Any CPU
		{F759E154-2842-4A42-B5BD-3573C0319063}.Release|Any CPU.Build.0 = Release|Any CPU
		{B125EDA0-F2A2-4241-A4D3-4172FF523925}.Debug|Any CPU.ActiveCfg = Debug|Any CPU
		{B125EDA0-F2A2-4241-A4D3-4172FF523925}.Debug|Any CPU.Build.0 = Debug|Any CPU
		{B125EDA0-F2A2-4241-A4D3-4172FF523925}.Release|Any CPU.ActiveCfg = Release|Any CPU
		{B125EDA0-F2A2-4241-A4D3-4172FF523925}.Release|Any CPU.Build.0 = Release|Any CPU
		{97B2D266-9A39-42A1-A79E-6A5AEA222469}.Debug|Any CPU.ActiveCfg = Debug|Any CPU
		{97B2D266-9A39-42A1-A79E-6A5AEA222469}.Debug|Any CPU.Build.0 = Debug|Any CPU
		{97B2D266-9A39-42A1-A79E-6A5AEA222469}.Release|Any CPU.ActiveCfg = Release|Any CPU
		{97B2D266-9A39-42A1-A79E-6A5AEA222469}.Release|Any CPU.Build.0 = Release|Any CPU
		{29B291D8-6781-4676-A1D1-809B06C4AC8E}.Debug|Any CPU.ActiveCfg = Debug|Any CPU
		{29B291D8-6781-4676-A1D1-809B06C4AC8E}.Debug|Any CPU.Build.0 = Debug|Any CPU
		{29B291D8-6781-4676-A1D1-809B06C4AC8E}.Release|Any CPU.ActiveCfg = Release|Any CPU
		{29B291D8-6781-4676-A1D1-809B06C4AC8E}.Release|Any CPU.Build.0 = Release|Any CPU
		{D3A6B58C-F724-4DB5-8948-D39EA6F4E2CB}.Debug|Any CPU.ActiveCfg = Debug|Any CPU
		{D3A6B58C-F724-4DB5-8948-D39EA6F4E2CB}.Debug|Any CPU.Build.0 = Debug|Any CPU
		{D3A6B58C-F724-4DB5-8948-D39EA6F4E2CB}.Release|Any CPU.ActiveCfg = Release|Any CPU
		{D3A6B58C-F724-4DB5-8948-D39EA6F4E2CB}.Release|Any CPU.Build.0 = Release|Any CPU
		{C41B2F8E-B1A7-4A2E-BCA5-FA3FA05B79A6}.Debug|Any CPU.ActiveCfg = Debug|Any CPU
		{C41B2F8E-B1A7-4A2E-BCA5-FA3FA05B79A6}.Debug|Any CPU.Build.0 = Debug|Any CPU
		{C41B2F8E-B1A7-4A2E-BCA5-FA3FA05B79A6}.Release|Any CPU.ActiveCfg = Release|Any CPU
		{C41B2F8E-B1A7-4A2E-BCA5-FA3FA05B79A6}.Release|Any CPU.Build.0 = Release|Any CPU
		{8A734EB4-72B6-4FC8-A612-97AE00C7E935}.Debug|Any CPU.ActiveCfg = Debug|Any CPU
		{8A734EB4-72B6-4FC8-A612-97AE00C7E935}.Debug|Any CPU.Build.0 = Debug|Any CPU
		{8A734EB4-72B6-4FC8-A612-97AE00C7E935}.Release|Any CPU.ActiveCfg = Release|Any CPU
		{8A734EB4-72B6-4FC8-A612-97AE00C7E935}.Release|Any CPU.Build.0 = Release|Any CPU
		{5A83115B-4A32-4B6E-A0C0-FEFF8D9A2AD5}.Debug|Any CPU.ActiveCfg = Debug|Any CPU
		{5A83115B-4A32-4B6E-A0C0-FEFF8D9A2AD5}.Debug|Any CPU.Build.0 = Debug|Any CPU
		{5A83115B-4A32-4B6E-A0C0-FEFF8D9A2AD5}.Release|Any CPU.ActiveCfg = Release|Any CPU
		{5A83115B-4A32-4B6E-A0C0-FEFF8D9A2AD5}.Release|Any CPU.Build.0 = Release|Any CPU
	EndGlobalSection
	GlobalSection(SolutionProperties) = preSolution
		HideSolutionNode = FALSE
	EndGlobalSection
	GlobalSection(NestedProjects) = preSolution
		{F759E154-2842-4A42-B5BD-3573C0319063} = {D0517F65-44C6-475C-AB43-E578A45D1496}
		{B125EDA0-F2A2-4241-A4D3-4172FF523925} = {D0517F65-44C6-475C-AB43-E578A45D1496}
		{97B2D266-9A39-42A1-A79E-6A5AEA222469} = {D0517F65-44C6-475C-AB43-E578A45D1496}
		{29B291D8-6781-4676-A1D1-809B06C4AC8E} = {D0517F65-44C6-475C-AB43-E578A45D1496}
		{D3A6B58C-F724-4DB5-8948-D39EA6F4E2CB} = {D0517F65-44C6-475C-AB43-E578A45D1496}
		{C41B2F8E-B1A7-4A2E-BCA5-FA3FA05B79A6} = {CB2E96A9-748C-43F9-A0FB-3930FB4642CD}
		{8A734EB4-72B6-4FC8-A612-97AE00C7E935} = {EB1CED65-9F5A-4502-8C57-F281BDCB3581}
		{5A83115B-4A32-4B6E-A0C0-FEFF8D9A2AD5} = {3FD42EC5-0911-4181-A9E5-D1EEBAAA2527}
	EndGlobalSection
	GlobalSection(ExtensibilityGlobals) = postSolution
		SolutionGuid = {ACBEA1CE-7988-45F0-BE2A-F38AC31264A2}
	EndGlobalSection
EndGlobal
